
Microsoft Visual Studio Solution File, Format Version 12.00
# Visual Studio Version 16
VisualStudioVersion = 16.0.30717.126
MinimumVisualStudioVersion = 10.0.40219.1
Project("{FAE04EC0-301F-11D3-BF4B-00C04F79EFBC}") = "amount", "amount\amount.csproj", "{7B6155E2-B99C-4A0A-B155-FAD5E618D15D}"
EndProject
Global
	GlobalSection(SolutionConfigurationPlatforms) = preSolution
		Debug|Any CPU = Debug|Any CPU
		Release|Any CPU = Release|Any CPU
	EndGlobalSection
	GlobalSection(ProjectConfigurationPlatforms) = postSolution
		{7B6155E2-B99C-4A0A-B155-FAD5E618D15D}.Debug|Any CPU.ActiveCfg = Debug|Any CPU
		{7B6155E2-B99C-4A0A-B155-FAD5E618D15D}.Debug|Any CPU.Build.0 = Debug|Any CPU
		{7B6155E2-B99C-4A0A-B155-FAD5E618D15D}.Release|Any CPU.ActiveCfg = Release|Any CPU
		{7B6155E2-B99C-4A0A-B155-FAD5E618D15D}.Release|Any CPU.Build.0 = Release|Any CPU
	EndGlobalSection
	GlobalSection(SolutionProperties) = preSolution
		HideSolutionNode = FALSE
	EndGlobalSection
	GlobalSection(ExtensibilityGlobals) = postSolution
		SolutionGuid = {09BC0BEA-F095-4FF9-999D-282D81EE9F69}
	EndGlobalSection
EndGlobal
